
Microsoft Visual Studio Solution File, Format Version 12.00
# Visual Studio Version 17
VisualStudioVersion = 17.9.34723.18
MinimumVisualStudioVersion = 10.0.40219.1
Project("{FAE04EC0-301F-11D3-BF4B-00C04F79EFBC}") = "Elim.API", "Elim\Elim.API.csproj", "{4C57BC9A-BDB1-4800-ACF6-573F222400BD}"
EndProject
Project("{FAE04EC0-301F-11D3-BF4B-00C04F79EFBC}") = "Elim.Application", "Elim.Application\Elim.Application.csproj", "{E1D0482B-B522-4150-AC59-AB522E928169}"
EndProject
Project("{FAE04EC0-301F-11D3-BF4B-00C04F79EFBC}") = "Elim.Domain", "Elim.Domain\Elim.Domain.csproj", "{648F8B17-DE72-4824-BBF8-4D13DD97244F}"
EndProject
Project("{FAE04EC0-301F-11D3-BF4B-00C04F79EFBC}") = "Elim.Infra.Data", "Elim.Infra\Elim.Infra.Data.csproj", "{667A0CDB-B432-4BA5-823B-49CBE999D32D}"
EndProject
Project("{FAE04EC0-301F-11D3-BF4B-00C04F79EFBC}") = "Elim.Tests", "Elim.Tests\Elim.Tests.csproj", "{9D2BE0E4-7D21-4F5F-A4F5-AC479B651519}"
EndProject
Global
	GlobalSection(SolutionConfigurationPlatforms) = preSolution
		Debug|Any CPU = Debug|Any CPU
		Release|Any CPU = Release|Any CPU
	EndGlobalSection
	GlobalSection(ProjectConfigurationPlatforms) = postSolution
		{4C57BC9A-BDB1-4800-ACF6-573F222400BD}.Debug|Any CPU.ActiveCfg = Debug|Any CPU
		{4C57BC9A-BDB1-4800-ACF6-573F222400BD}.Debug|Any CPU.Build.0 = Debug|Any CPU
		{4C57BC9A-BDB1-4800-ACF6-573F222400BD}.Release|Any CPU.ActiveCfg = Release|Any CPU
		{4C57BC9A-BDB1-4800-ACF6-573F222400BD}.Release|Any CPU.Build.0 = Release|Any CPU
		{E1D0482B-B522-4150-AC59-AB522E928169}.Debug|Any CPU.ActiveCfg = Debug|Any CPU
		{E1D0482B-B522-4150-AC59-AB522E928169}.Debug|Any CPU.Build.0 = Debug|Any CPU
		{E1D0482B-B522-4150-AC59-AB522E928169}.Release|Any CPU.ActiveCfg = Release|Any CPU
		{E1D0482B-B522-4150-AC59-AB522E928169}.Release|Any CPU.Build.0 = Release|Any CPU
		{648F8B17-DE72-4824-BBF8-4D13DD97244F}.Debug|Any CPU.ActiveCfg = Debug|Any CPU
		{648F8B17-DE72-4824-BBF8-4D13DD97244F}.Debug|Any CPU.Build.0 = Debug|Any CPU
		{648F8B17-DE72-4824-BBF8-4D13DD97244F}.Release|Any CPU.ActiveCfg = Release|Any CPU
		{648F8B17-DE72-4824-BBF8-4D13DD97244F}.Release|Any CPU.Build.0 = Release|Any CPU
		{667A0CDB-B432-4BA5-823B-49CBE999D32D}.Debug|Any CPU.ActiveCfg = Debug|Any CPU
		{667A0CDB-B432-4BA5-823B-49CBE999D32D}.Debug|Any CPU.Build.0 = Debug|Any CPU
		{667A0CDB-B432-4BA5-823B-49CBE999D32D}.Release|Any CPU.ActiveCfg = Release|Any CPU
		{667A0CDB-B432-4BA5-823B-49CBE999D32D}.Release|Any CPU.Build.0 = Release|Any CPU
		{9D2BE0E4-7D21-4F5F-A4F5-AC479B651519}.Debug|Any CPU.ActiveCfg = Debug|Any CPU
		{9D2BE0E4-7D21-4F5F-A4F5-AC479B651519}.Debug|Any CPU.Build.0 = Debug|Any CPU
		{9D2BE0E4-7D21-4F5F-A4F5-AC479B651519}.Release|Any CPU.ActiveCfg = Release|Any CPU
		{9D2BE0E4-7D21-4F5F-A4F5-AC479B651519}.Release|Any CPU.Build.0 = Release|Any CPU
	EndGlobalSection
	GlobalSection(SolutionProperties) = preSolution
		HideSolutionNode = FALSE
	EndGlobalSection
	GlobalSection(ExtensibilityGlobals) = postSolution
		SolutionGuid = {DF20FB19-E9C9-4A91-9D08-DD5BE806EEEA}
	EndGlobalSection
EndGlobal
