
Microsoft Visual Studio Solution File, Format Version 12.00
# Visual Studio Version 17
VisualStudioVersion = 17.9.34723.18
MinimumVisualStudioVersion = 10.0.40219.1
Project("{C9674DCB-5085-4A16-B785-4C70DD1589BD}") = "Elim_Integration_Services", "Elim_Integration_Services\ETLS2", "{01EFE3B6-DD48-4B1D-8951-DD36E2AE0375}"
EndProject
Project("{8BC9CEB8-8B4A-11D0-8D11-00A0C91BC942}") = "Elim_Sources", "Elim_Sources\Elim_Sources.vcxitems", "{9E402037-354E-4AB9-8AAA-46224BF18ECE}"
EndProject
Project("{8BC9CEB8-8B4A-11D0-8D11-00A0C91BC942}") = "Elim_Integration_Scripts", "Elim_Integration_Scripts\Elim_Integration_Scripts.vcxitems", "{5BDD4DE3-9160-463D-8F8A-DBCE788D0D0F}"
EndProject
Global
	GlobalSection(SolutionConfigurationPlatforms) = preSolution
		Development|Default = Development|Default
	EndGlobalSection
	GlobalSection(ProjectConfigurationPlatforms) = postSolution
		{01EFE3B6-DD48-4B1D-8951-DD36E2AE0375}.Development|Default.ActiveCfg = Development
		{01EFE3B6-DD48-4B1D-8951-DD36E2AE0375}.Development|Default.Build.0 = Development
	EndGlobalSection
	GlobalSection(SolutionProperties) = preSolution
		HideSolutionNode = FALSE
	EndGlobalSection
	GlobalSection(ExtensibilityGlobals) = postSolution
		SolutionGuid = {5A9904E7-66C0-4E00-B152-B94298F4B5CE}
	EndGlobalSection
EndGlobal
